---
platform: linux

image_resource:
  type: docker-image
  source:
    repository: gcr.io/cf-pks-golf/pcfkubo/kubo-ci

inputs:
- name: git-kubo-ci
- name: gcs-bosh-creds

outputs:
- name: source-json

run:
  path: bash
  args:
  - -c
  - |
    set -euo pipefail
    bosh int gcs-bosh-creds/creds.yml --path=/source_json > source-json/source.json
